
Microsoft Visual Studio Solution File, Format Version 12.00
# Visual Studio Version 18
VisualStudioVersion = 18.5.11605.296
MinimumVisualStudioVersion = 10.0.40219.1
Project("{FAE04EC0-301F-11D3-BF4B-00C04F79EFBC}") = "SimpleNetEngine.Protocol", "SimpleNetEngine.Protocol\SimpleNetEngine.Protocol.csproj", "{A3333333-3333-3333-3333-333333333333}"
EndProject
Project("{FAE04EC0-301F-11D3-BF4B-00C04F79EFBC}") = "SimpleNetEngine.Infrastructure", "SimpleNetEngine.Infrastructure\SimpleNetEngine.Infrastructure.csproj", "{A3333334-3333-3333-3333-333333333334}"
EndProject
Project("{FAE04EC0-301F-11D3-BF4B-00C04F79EFBC}") = "SimpleNetEngine.Node", "SimpleNetEngine.Node\SimpleNetEngine.Node.csproj", "{A4444444-4444-4444-4444-444444444444}"
EndProject
Project("{FAE04EC0-301F-11D3-BF4B-00C04F79EFBC}") = "SimpleNetEngine.ProtoGenerator", "SimpleNetEngine.ProtoGenerator\SimpleNetEngine.ProtoGenerator.csproj", "{A5555555-5555-5555-5555-555555555555}"
EndProject
Project("{FAE04EC0-301F-11D3-BF4B-00C04F79EFBC}") = "SimpleNetEngine.Client", "SimpleNetEngine.Client\SimpleNetEngine.Client.csproj", "{A6666666-6666-6666-6666-666666666666}"
EndProject
Project("{FAE04EC0-301F-11D3-BF4B-00C04F79EFBC}") = "TestClient", "Sample\TestClient\TestClient.csproj", "{A7777777-7777-7777-7777-777777777777}"
EndProject
Project("{FAE04EC0-301F-11D3-BF4B-00C04F79EFBC}") = "SimpleNetEngine.Game", "SimpleNetEngine.Game\SimpleNetEngine.Game.csproj", "{747909A0-FD9C-497D-84EB-1540C9A084CA}"
EndProject
Project("{FAE04EC0-301F-11D3-BF4B-00C04F79EFBC}") = "SimpleNetEngine.Gateway", "SimpleNetEngine.Gateway\SimpleNetEngine.Gateway.csproj", "{500A65AE-B194-4334-8863-AFDDF88B2294}"
EndProject
Project("{FAE04EC0-301F-11D3-BF4B-00C04F79EFBC}") = "PacketParserGenerator", "PacketParserGenerator\PacketParserGenerator.csproj", "{F83C323A-C3C8-42CC-877C-36D873FAD11D}"
EndProject
Project("{2150E333-8FDC-42A3-9474-1A3956D46DE8}") = "Sample", "Sample", "{D32A4CBB-C7D8-474C-BB1B-9B7BE5930F49}"
EndProject
Project("{FAE04EC0-301F-11D3-BF4B-00C04F79EFBC}") = "GatewaySample", "Sample\GatewaySample\GatewaySample.csproj", "{DF57DBCA-8362-4533-9AAE-9464AB2F6DE5}"
EndProject
Project("{FAE04EC0-301F-11D3-BF4B-00C04F79EFBC}") = "GameSample", "Sample\GameSample\GameSample.csproj", "{1FD3FCD5-E966-49D4-A69B-80DCF39E8762}"
EndProject
Project("{2150E333-8FDC-42A3-9474-1A3956D46DE8}") = "Tests", "Tests", "{A91FF899-DFBE-4471-9F6B-C1865EDC4208}"
EndProject
Project("{2150E333-8FDC-42A3-9474-1A3956D46DE8}") = "SimpleNetEngine", "SimpleNetEngine", "{1AC6A3F5-C75A-4E88-A569-8CDD36083FBC}"
EndProject
Project("{FAE04EC0-301F-11D3-BF4B-00C04F79EFBC}") = "Sample.AppHost", "Sample\Sample.AppHost\Sample.AppHost.csproj", "{066F7F3D-BFE5-495D-91DE-F9D37580670C}"
EndProject
Project("{FAE04EC0-301F-11D3-BF4B-00C04F79EFBC}") = "SimpleNetEngine.Tests.Game", "Tests\SimpleNetEngine.Tests.Game\SimpleNetEngine.Tests.Game.csproj", "{D3159DBA-AB67-4203-AE3F-F9BC21235D18}"
EndProject
Project("{FAE04EC0-301F-11D3-BF4B-00C04F79EFBC}") = "SimpleNetEngine.Tests.Gateway", "Tests\SimpleNetEngine.Tests.Gateway\SimpleNetEngine.Tests.Gateway.csproj", "{1CF56A63-3A5A-4EFC-99B7-76D8BA081953}"
EndProject
Project("{FAE04EC0-301F-11D3-BF4B-00C04F79EFBC}") = "Protocol.Sample.User", "Sample\Protocol.Sample.User\Protocol.Sample.User.csproj", "{B29493BA-02DC-4C70-937E-F12B2525D39A}"
EndProject
Project("{FAE04EC0-301F-11D3-BF4B-00C04F79EFBC}") = "Protocol.Sample.Node", "Sample\Protocol.Sample.Node\Protocol.Sample.Node.csproj", "{D92B3324-A31C-4CF0-8142-FBE48A556994}"
EndProject
Project("{FAE04EC0-301F-11D3-BF4B-00C04F79EFBC}") = "NodeSample", "Sample\NodeSample\NodeSample.csproj", "{BC4798CE-8309-440D-9979-68176BEF185F}"
EndProject
Project("{FAE04EC0-301F-11D3-BF4B-00C04F79EFBC}") = "Tests.Protocol", "Tests\Tests.Protocol\Tests.Protocol.csproj", "{AA4B40A2-4EE5-46CF-8F7C-FB15491C3F5B}"
EndProject
Project("{FAE04EC0-301F-11D3-BF4B-00C04F79EFBC}") = "StressTest.Controller", "Sample\StressTest.Controller\StressTest.Controller.csproj", "{FE403A69-C813-4B95-91A9-15A685648BC4}"
EndProject
Project("{FAE04EC0-301F-11D3-BF4B-00C04F79EFBC}") = "StressTest.Worker", "Sample\StressTest.Worker\StressTest.Worker.csproj", "{ED4DF07C-32A0-4C41-B919-63804A18C011}"
EndProject
Global
	GlobalSection(SolutionConfigurationPlatforms) = preSolution
		Debug|Any CPU = Debug|Any CPU
		Debug|x64 = Debug|x64
		Debug|x86 = Debug|x86
		Release|Any CPU = Release|Any CPU
		Release|x64 = Release|x64
		Release|x86 = Release|x86
	EndGlobalSection
	GlobalSection(ProjectConfigurationPlatforms) = postSolution
		{A3333333-3333-3333-3333-333333333333}.Debug|Any CPU.ActiveCfg = Debug|Any CPU
		{A3333333-3333-3333-3333-333333333333}.Debug|Any CPU.Build.0 = Debug|Any CPU
		{A3333333-3333-3333-3333-333333333333}.Debug|x64.ActiveCfg = Debug|Any CPU
		{A3333333-3333-3333-3333-333333333333}.Debug|x64.Build.0 = Debug|Any CPU
		{A3333333-3333-3333-3333-333333333333}.Debug|x86.ActiveCfg = Debug|Any CPU
		{A3333333-3333-3333-3333-333333333333}.Debug|x86.Build.0 = Debug|Any CPU
		{A3333333-3333-3333-3333-333333333333}.Release|Any CPU.ActiveCfg = Release|Any CPU
		{A3333333-3333-3333-3333-333333333333}.Release|Any CPU.Build.0 = Release|Any CPU
		{A3333333-3333-3333-3333-333333333333}.Release|x64.ActiveCfg = Release|Any CPU
		{A3333333-3333-3333-3333-333333333333}.Release|x64.Build.0 = Release|Any CPU
		{A3333333-3333-3333-3333-333333333333}.Release|x86.ActiveCfg = Release|Any CPU
		{A3333333-3333-3333-3333-333333333333}.Release|x86.Build.0 = Release|Any CPU
		{A3333334-3333-3333-3333-333333333334}.Debug|Any CPU.ActiveCfg = Debug|Any CPU
		{A3333334-3333-3333-3333-333333333334}.Debug|Any CPU.Build.0 = Debug|Any CPU
		{A3333334-3333-3333-3333-333333333334}.Debug|x64.ActiveCfg = Debug|Any CPU
		{A3333334-3333-3333-3333-333333333334}.Debug|x64.Build.0 = Debug|Any CPU
		{A3333334-3333-3333-3333-333333333334}.Debug|x86.ActiveCfg = Debug|Any CPU
		{A3333334-3333-3333-3333-333333333334}.Debug|x86.Build.0 = Debug|Any CPU
		{A3333334-3333-3333-3333-333333333334}.Release|Any CPU.ActiveCfg = Release|Any CPU
		{A3333334-3333-3333-3333-333333333334}.Release|Any CPU.Build.0 = Release|Any CPU
		{A3333334-3333-3333-3333-333333333334}.Release|x64.ActiveCfg = Release|Any CPU
		{A3333334-3333-3333-3333-333333333334}.Release|x64.Build.0 = Release|Any CPU
		{A3333334-3333-3333-3333-333333333334}.Release|x86.ActiveCfg = Release|Any CPU
		{A3333334-3333-3333-3333-333333333334}.Release|x86.Build.0 = Release|Any CPU
		{A4444444-4444-4444-4444-444444444444}.Debug|Any CPU.ActiveCfg = Debug|Any CPU
		{A4444444-4444-4444-4444-444444444444}.Debug|Any CPU.Build.0 = Debug|Any CPU
		{A4444444-4444-4444-4444-444444444444}.Debug|x64.ActiveCfg = Debug|Any CPU
		{A4444444-4444-4444-4444-444444444444}.Debug|x64.Build.0 = Debug|Any CPU
		{A4444444-4444-4444-4444-444444444444}.Debug|x86.ActiveCfg = Debug|Any CPU
		{A4444444-4444-4444-4444-444444444444}.Debug|x86.Build.0 = Debug|Any CPU
		{A4444444-4444-4444-4444-444444444444}.Release|Any CPU.ActiveCfg = Release|Any CPU
		{A4444444-4444-4444-4444-444444444444}.Release|Any CPU.Build.0 = Release|Any CPU
		{A4444444-4444-4444-4444-444444444444}.Release|x64.ActiveCfg = Release|Any CPU
		{A4444444-4444-4444-4444-444444444444}.Release|x64.Build.0 = Release|Any CPU
		{A4444444-4444-4444-4444-444444444444}.Release|x86.ActiveCfg = Release|Any CPU
		{A4444444-4444-4444-4444-444444444444}.Release|x86.Build.0 = Release|Any CPU
		{A5555555-5555-5555-5555-555555555555}.Debug|Any CPU.ActiveCfg = Debug|Any CPU
		{A5555555-5555-5555-5555-555555555555}.Debug|Any CPU.Build.0 = Debug|Any CPU
		{A5555555-5555-5555-5555-555555555555}.Debug|x64.ActiveCfg = Debug|Any CPU
		{A5555555-5555-5555-5555-555555555555}.Debug|x64.Build.0 = Debug|Any CPU
		{A5555555-5555-5555-5555-555555555555}.Debug|x86.ActiveCfg = Debug|Any CPU
		{A5555555-5555-5555-5555-555555555555}.Debug|x86.Build.0 = Debug|Any CPU
		{A5555555-5555-5555-5555-555555555555}.Release|Any CPU.ActiveCfg = Release|Any CPU
		{A5555555-5555-5555-5555-555555555555}.Release|Any CPU.Build.0 = Release|Any CPU
		{A5555555-5555-5555-5555-555555555555}.Release|x64.ActiveCfg = Release|Any CPU
		{A5555555-5555-5555-5555-555555555555}.Release|x64.Build.0 = Release|Any CPU
		{A5555555-5555-5555-5555-555555555555}.Release|x86.ActiveCfg = Release|Any CPU
		{A5555555-5555-5555-5555-555555555555}.Release|x86.Build.0 = Release|Any CPU
		{A6666666-6666-6666-6666-666666666666}.Debug|Any CPU.ActiveCfg = Debug|Any CPU
		{A6666666-6666-6666-6666-666666666666}.Debug|Any CPU.Build.0 = Debug|Any CPU
		{A6666666-6666-6666-6666-666666666666}.Debug|x64.ActiveCfg = Debug|Any CPU
		{A6666666-6666-6666-6666-666666666666}.Debug|x64.Build.0 = Debug|Any CPU
		{A6666666-6666-6666-6666-666666666666}.Debug|x86.ActiveCfg = Debug|Any CPU
		{A6666666-6666-6666-6666-666666666666}.Debug|x86.Build.0 = Debug|Any CPU
		{A6666666-6666-6666-6666-666666666666}.Release|Any CPU.ActiveCfg = Release|Any CPU
		{A6666666-6666-6666-6666-666666666666}.Release|Any CPU.Build.0 = Release|Any CPU
		{A6666666-6666-6666-6666-666666666666}.Release|x64.ActiveCfg = Release|Any CPU
		{A6666666-6666-6666-6666-666666666666}.Release|x64.Build.0 = Release|Any CPU
		{A6666666-6666-6666-6666-666666666666}.Release|x86.ActiveCfg = Release|Any CPU
		{A6666666-6666-6666-6666-666666666666}.Release|x86.Build.0 = Release|Any CPU
		{A7777777-7777-7777-7777-777777777777}.Debug|Any CPU.ActiveCfg = Debug|Any CPU
		{A7777777-7777-7777-7777-777777777777}.Debug|Any CPU.Build.0 = Debug|Any CPU
		{A7777777-7777-7777-7777-777777777777}.Debug|x64.ActiveCfg = Debug|Any CPU
		{A7777777-7777-7777-7777-777777777777}.Debug|x64.Build.0 = Debug|Any CPU
		{A7777777-7777-7777-7777-777777777777}.Debug|x86.ActiveCfg = Debug|Any CPU
		{A7777777-7777-7777-7777-777777777777}.Debug|x86.Build.0 = Debug|Any CPU
		{A7777777-7777-7777-7777-777777777777}.Release|Any CPU.ActiveCfg = Release|Any CPU
		{A7777777-7777-7777-7777-777777777777}.Release|Any CPU.Build.0 = Release|Any CPU
		{A7777777-7777-7777-7777-777777777777}.Release|x64.ActiveCfg = Release|Any CPU
		{A7777777-7777-7777-7777-777777777777}.Release|x64.Build.0 = Release|Any CPU
		{A7777777-7777-7777-7777-777777777777}.Release|x86.ActiveCfg = Release|Any CPU
		{A7777777-7777-7777-7777-777777777777}.Release|x86.Build.0 = Release|Any CPU
		{747909A0-FD9C-497D-84EB-1540C9A084CA}.Debug|Any CPU.ActiveCfg = Debug|Any CPU
		{747909A0-FD9C-497D-84EB-1540C9A084CA}.Debug|Any CPU.Build.0 = Debug|Any CPU
		{747909A0-FD9C-497D-84EB-1540C9A084CA}.Debug|x64.ActiveCfg = Debug|Any CPU
		{747909A0-FD9C-497D-84EB-1540C9A084CA}.Debug|x64.Build.0 = Debug|Any CPU
		{747909A0-FD9C-497D-84EB-1540C9A084CA}.Debug|x86.ActiveCfg = Debug|Any CPU
		{747909A0-FD9C-497D-84EB-1540C9A084CA}.Debug|x86.Build.0 = Debug|Any CPU
		{747909A0-FD9C-497D-84EB-1540C9A084CA}.Release|Any CPU.ActiveCfg = Release|Any CPU
		{747909A0-FD9C-497D-84EB-1540C9A084CA}.Release|Any CPU.Build.0 = Release|Any CPU
		{747909A0-FD9C-497D-84EB-1540C9A084CA}.Release|x64.ActiveCfg = Release|Any CPU
		{747909A0-FD9C-497D-84EB-1540C9A084CA}.Release|x64.Build.0 = Release|Any CPU
		{747909A0-FD9C-497D-84EB-1540C9A084CA}.Release|x86.ActiveCfg = Release|Any CPU
		{747909A0-FD9C-497D-84EB-1540C9A084CA}.Release|x86.Build.0 = Release|Any CPU
		{500A65AE-B194-4334-8863-AFDDF88B2294}.Debug|Any CPU.ActiveCfg = Debug|Any CPU
		{500A65AE-B194-4334-8863-AFDDF88B2294}.Debug|Any CPU.Build.0 = Debug|Any CPU
		{500A65AE-B194-4334-8863-AFDDF88B2294}.Debug|x64.ActiveCfg = Debug|Any CPU
		{500A65AE-B194-4334-8863-AFDDF88B2294}.Debug|x64.Build.0 = Debug|Any CPU
		{500A65AE-B194-4334-8863-AFDDF88B2294}.Debug|x86.ActiveCfg = Debug|Any CPU
		{500A65AE-B194-4334-8863-AFDDF88B2294}.Debug|x86.Build.0 = Debug|Any CPU
		{500A65AE-B194-4334-8863-AFDDF88B2294}.Release|Any CPU.ActiveCfg = Release|Any CPU
		{500A65AE-B194-4334-8863-AFDDF88B2294}.Release|Any CPU.Build.0 = Release|Any CPU
		{500A65AE-B194-4334-8863-AFDDF88B2294}.Release|x64.ActiveCfg = Release|Any CPU
		{500A65AE-B194-4334-8863-AFDDF88B2294}.Release|x64.Build.0 = Release|Any CPU
		{500A65AE-B194-4334-8863-AFDDF88B2294}.Release|x86.ActiveCfg = Release|Any CPU
		{500A65AE-B194-4334-8863-AFDDF88B2294}.Release|x86.Build.0 = Release|Any CPU
		{F83C323A-C3C8-42CC-877C-36D873FAD11D}.Debug|Any CPU.ActiveCfg = Debug|Any CPU
		{F83C323A-C3C8-42CC-877C-36D873FAD11D}.Debug|Any CPU.Build.0 = Debug|Any CPU
		{F83C323A-C3C8-42CC-877C-36D873FAD11D}.Debug|x64.ActiveCfg = Debug|Any CPU
		{F83C323A-C3C8-42CC-877C-36D873FAD11D}.Debug|x64.Build.0 = Debug|Any CPU
		{F83C323A-C3C8-42CC-877C-36D873FAD11D}.Debug|x86.ActiveCfg = Debug|Any CPU
		{F83C323A-C3C8-42CC-877C-36D873FAD11D}.Debug|x86.Build.0 = Debug|Any CPU
		{F83C323A-C3C8-42CC-877C-36D873FAD11D}.Release|Any CPU.ActiveCfg = Release|Any CPU
		{F83C323A-C3C8-42CC-877C-36D873FAD11D}.Release|Any CPU.Build.0 = Release|Any CPU
		{F83C323A-C3C8-42CC-877C-36D873FAD11D}.Release|x64.ActiveCfg = Release|Any CPU
		{F83C323A-C3C8-42CC-877C-36D873FAD11D}.Release|x64.Build.0 = Release|Any CPU
		{F83C323A-C3C8-42CC-877C-36D873FAD11D}.Release|x86.ActiveCfg = Release|Any CPU
		{F83C323A-C3C8-42CC-877C-36D873FAD11D}.Release|x86.Build.0 = Release|Any CPU
		{DF57DBCA-8362-4533-9AAE-9464AB2F6DE5}.Debug|Any CPU.ActiveCfg = Debug|Any CPU
		{DF57DBCA-8362-4533-9AAE-9464AB2F6DE5}.Debug|Any CPU.Build.0 = Debug|Any CPU
		{DF57DBCA-8362-4533-9AAE-9464AB2F6DE5}.Debug|x64.ActiveCfg = Debug|Any CPU
		{DF57DBCA-8362-4533-9AAE-9464AB2F6DE5}.Debug|x64.Build.0 = Debug|Any CPU
		{DF57DBCA-8362-4533-9AAE-9464AB2F6DE5}.Debug|x86.ActiveCfg = Debug|Any CPU
		{DF57DBCA-8362-4533-9AAE-9464AB2F6DE5}.Debug|x86.Build.0 = Debug|Any CPU
		{DF57DBCA-8362-4533-9AAE-9464AB2F6DE5}.Release|Any CPU.ActiveCfg = Release|Any CPU
		{DF57DBCA-8362-4533-9AAE-9464AB2F6DE5}.Release|Any CPU.Build.0 = Release|Any CPU
		{DF57DBCA-8362-4533-9AAE-9464AB2F6DE5}.Release|x64.ActiveCfg = Release|Any CPU
		{DF57DBCA-8362-4533-9AAE-9464AB2F6DE5}.Release|x64.Build.0 = Release|Any CPU
		{DF57DBCA-8362-4533-9AAE-9464AB2F6DE5}.Release|x86.ActiveCfg = Release|Any CPU
		{DF57DBCA-8362-4533-9AAE-9464AB2F6DE5}.Release|x86.Build.0 = Release|Any CPU
		{1FD3FCD5-E966-49D4-A69B-80DCF39E8762}.Debug|Any CPU.ActiveCfg = Debug|Any CPU
		{1FD3FCD5-E966-49D4-A69B-80DCF39E8762}.Debug|Any CPU.Build.0 = Debug|Any CPU
		{1FD3FCD5-E966-49D4-A69B-80DCF39E8762}.Debug|x64.ActiveCfg = Debug|Any CPU
		{1FD3FCD5-E966-49D4-A69B-80DCF39E8762}.Debug|x64.Build.0 = Debug|Any CPU
		{1FD3FCD5-E966-49D4-A69B-80DCF39E8762}.Debug|x86.ActiveCfg = Debug|Any CPU
		{1FD3FCD5-E966-49D4-A69B-80DCF39E8762}.Debug|x86.Build.0 = Debug|Any CPU
		{1FD3FCD5-E966-49D4-A69B-80DCF39E8762}.Release|Any CPU.ActiveCfg = Release|Any CPU
		{1FD3FCD5-E966-49D4-A69B-80DCF39E8762}.Release|Any CPU.Build.0 = Release|Any CPU
		{1FD3FCD5-E966-49D4-A69B-80DCF39E8762}.Release|x64.ActiveCfg = Release|Any CPU
		{1FD3FCD5-E966-49D4-A69B-80DCF39E8762}.Release|x64.Build.0 = Release|Any CPU
		{1FD3FCD5-E966-49D4-A69B-80DCF39E8762}.Release|x86.ActiveCfg = Release|Any CPU
		{1FD3FCD5-E966-49D4-A69B-80DCF39E8762}.Release|x86.Build.0 = Release|Any CPU
		{066F7F3D-BFE5-495D-91DE-F9D37580670C}.Debug|Any CPU.ActiveCfg = Debug|Any CPU
		{066F7F3D-BFE5-495D-91DE-F9D37580670C}.Debug|Any CPU.Build.0 = Debug|Any CPU
		{066F7F3D-BFE5-495D-91DE-F9D37580670C}.Debug|x64.ActiveCfg = Debug|Any CPU
		{066F7F3D-BFE5-495D-91DE-F9D37580670C}.Debug|x64.Build.0 = Debug|Any CPU
		{066F7F3D-BFE5-495D-91DE-F9D37580670C}.Debug|x86.ActiveCfg = Debug|Any CPU
		{066F7F3D-BFE5-495D-91DE-F9D37580670C}.Debug|x86.Build.0 = Debug|Any CPU
		{066F7F3D-BFE5-495D-91DE-F9D37580670C}.Release|Any CPU.ActiveCfg = Release|Any CPU
		{066F7F3D-BFE5-495D-91DE-F9D37580670C}.Release|Any CPU.Build.0 = Release|Any CPU
		{066F7F3D-BFE5-495D-91DE-F9D37580670C}.Release|x64.ActiveCfg = Release|Any CPU
		{066F7F3D-BFE5-495D-91DE-F9D37580670C}.Release|x64.Build.0 = Release|Any CPU
		{066F7F3D-BFE5-495D-91DE-F9D37580670C}.Release|x86.ActiveCfg = Release|Any CPU
		{066F7F3D-BFE5-495D-91DE-F9D37580670C}.Release|x86.Build.0 = Release|Any CPU
		{D3159DBA-AB67-4203-AE3F-F9BC21235D18}.Debug|Any CPU.ActiveCfg = Debug|Any CPU
		{D3159DBA-AB67-4203-AE3F-F9BC21235D18}.Debug|Any CPU.Build.0 = Debug|Any CPU
		{D3159DBA-AB67-4203-AE3F-F9BC21235D18}.Debug|x64.ActiveCfg = Debug|Any CPU
		{D3159DBA-AB67-4203-AE3F-F9BC21235D18}.Debug|x64.Build.0 = Debug|Any CPU
		{D3159DBA-AB67-4203-AE3F-F9BC21235D18}.Debug|x86.ActiveCfg = Debug|Any CPU
		{D3159DBA-AB67-4203-AE3F-F9BC21235D18}.Debug|x86.Build.0 = Debug|Any CPU
		{D3159DBA-AB67-4203-AE3F-F9BC21235D18}.Release|Any CPU.ActiveCfg = Release|Any CPU
		{D3159DBA-AB67-4203-AE3F-F9BC21235D18}.Release|Any CPU.Build.0 = Release|Any CPU
		{D3159DBA-AB67-4203-AE3F-F9BC21235D18}.Release|x64.ActiveCfg = Release|Any CPU
		{D3159DBA-AB67-4203-AE3F-F9BC21235D18}.Release|x64.Build.0 = Release|Any CPU
		{D3159DBA-AB67-4203-AE3F-F9BC21235D18}.Release|x86.ActiveCfg = Release|Any CPU
		{D3159DBA-AB67-4203-AE3F-F9BC21235D18}.Release|x86.Build.0 = Release|Any CPU
		{1CF56A63-3A5A-4EFC-99B7-76D8BA081953}.Debug|Any CPU.ActiveCfg = Debug|Any CPU
		{1CF56A63-3A5A-4EFC-99B7-76D8BA081953}.Debug|Any CPU.Build.0 = Debug|Any CPU
		{1CF56A63-3A5A-4EFC-99B7-76D8BA081953}.Debug|x64.ActiveCfg = Debug|Any CPU
		{1CF56A63-3A5A-4EFC-99B7-76D8BA081953}.Debug|x64.Build.0 = Debug|Any CPU
		{1CF56A63-3A5A-4EFC-99B7-76D8BA081953}.Debug|x86.ActiveCfg = Debug|Any CPU
		{1CF56A63-3A5A-4EFC-99B7-76D8BA081953}.Debug|x86.Build.0 = Debug|Any CPU
		{1CF56A63-3A5A-4EFC-99B7-76D8BA081953}.Release|Any CPU.ActiveCfg = Release|Any CPU
		{1CF56A63-3A5A-4EFC-99B7-76D8BA081953}.Release|Any CPU.Build.0 = Release|Any CPU
		{1CF56A63-3A5A-4EFC-99B7-76D8BA081953}.Release|x64.ActiveCfg = Release|Any CPU
		{1CF56A63-3A5A-4EFC-99B7-76D8BA081953}.Release|x64.Build.0 = Release|Any CPU
		{1CF56A63-3A5A-4EFC-99B7-76D8BA081953}.Release|x86.ActiveCfg = Release|Any CPU
		{1CF56A63-3A5A-4EFC-99B7-76D8BA081953}.Release|x86.Build.0 = Release|Any CPU
		{B29493BA-02DC-4C70-937E-F12B2525D39A}.Debug|Any CPU.ActiveCfg = Debug|Any CPU
		{B29493BA-02DC-4C70-937E-F12B2525D39A}.Debug|Any CPU.Build.0 = Debug|Any CPU
		{B29493BA-02DC-4C70-937E-F12B2525D39A}.Debug|x64.ActiveCfg = Debug|Any CPU
		{B29493BA-02DC-4C70-937E-F12B2525D39A}.Debug|x64.Build.0 = Debug|Any CPU
		{B29493BA-02DC-4C70-937E-F12B2525D39A}.Debug|x86.ActiveCfg = Debug|Any CPU
		{B29493BA-02DC-4C70-937E-F12B2525D39A}.Debug|x86.Build.0 = Debug|Any CPU
		{B29493BA-02DC-4C70-937E-F12B2525D39A}.Release|Any CPU.ActiveCfg = Release|Any CPU
		{B29493BA-02DC-4C70-937E-F12B2525D39A}.Release|Any CPU.Build.0 = Release|Any CPU
		{B29493BA-02DC-4C70-937E-F12B2525D39A}.Release|x64.ActiveCfg = Release|Any CPU
		{B29493BA-02DC-4C70-937E-F12B2525D39A}.Release|x64.Build.0 = Release|Any CPU
		{B29493BA-02DC-4C70-937E-F12B2525D39A}.Release|x86.ActiveCfg = Release|Any CPU
		{B29493BA-02DC-4C70-937E-F12B2525D39A}.Release|x86.Build.0 = Release|Any CPU
		{D92B3324-A31C-4CF0-8142-FBE48A556994}.Debug|Any CPU.ActiveCfg = Debug|Any CPU
		{D92B3324-A31C-4CF0-8142-FBE48A556994}.Debug|Any CPU.Build.0 = Debug|Any CPU
		{D92B3324-A31C-4CF0-8142-FBE48A556994}.Debug|x64.ActiveCfg = Debug|Any CPU
		{D92B3324-A31C-4CF0-8142-FBE48A556994}.Debug|x64.Build.0 = Debug|Any CPU
		{D92B3324-A31C-4CF0-8142-FBE48A556994}.Debug|x86.ActiveCfg = Debug|Any CPU
		{D92B3324-A31C-4CF0-8142-FBE48A556994}.Debug|x86.Build.0 = Debug|Any CPU
		{D92B3324-A31C-4CF0-8142-FBE48A556994}.Release|Any CPU.ActiveCfg = Release|Any CPU
		{D92B3324-A31C-4CF0-8142-FBE48A556994}.Release|Any CPU.Build.0 = Release|Any CPU
		{D92B3324-A31C-4CF0-8142-FBE48A556994}.Release|x64.ActiveCfg = Release|Any CPU
		{D92B3324-A31C-4CF0-8142-FBE48A556994}.Release|x64.Build.0 = Release|Any CPU
		{D92B3324-A31C-4CF0-8142-FBE48A556994}.Release|x86.ActiveCfg = Release|Any CPU
		{D92B3324-A31C-4CF0-8142-FBE48A556994}.Release|x86.Build.0 = Release|Any CPU
		{BC4798CE-8309-440D-9979-68176BEF185F}.Debug|Any CPU.ActiveCfg = Debug|Any CPU
		{BC4798CE-8309-440D-9979-68176BEF185F}.Debug|Any CPU.Build.0 = Debug|Any CPU
		{BC4798CE-8309-440D-9979-68176BEF185F}.Debug|x64.ActiveCfg = Debug|Any CPU
		{BC4798CE-8309-440D-9979-68176BEF185F}.Debug|x64.Build.0 = Debug|Any CPU
		{BC4798CE-8309-440D-9979-68176BEF185F}.Debug|x86.ActiveCfg = Debug|Any CPU
		{BC4798CE-8309-440D-9979-68176BEF185F}.Debug|x86.Build.0 = Debug|Any CPU
		{BC4798CE-8309-440D-9979-68176BEF185F}.Release|Any CPU.ActiveCfg = Release|Any CPU
		{BC4798CE-8309-440D-9979-68176BEF185F}.Release|Any CPU.Build.0 = Release|Any CPU
		{BC4798CE-8309-440D-9979-68176BEF185F}.Release|x64.ActiveCfg = Release|Any CPU
		{BC4798CE-8309-440D-9979-68176BEF185F}.Release|x64.Build.0 = Release|Any CPU
		{BC4798CE-8309-440D-9979-68176BEF185F}.Release|x86.ActiveCfg = Release|Any CPU
		{BC4798CE-8309-440D-9979-68176BEF185F}.Release|x86.Build.0 = Release|Any CPU
		{AA4B40A2-4EE5-46CF-8F7C-FB15491C3F5B}.Debug|Any CPU.ActiveCfg = Debug|Any CPU
		{AA4B40A2-4EE5-46CF-8F7C-FB15491C3F5B}.Debug|Any CPU.Build.0 = Debug|Any CPU
		{AA4B40A2-4EE5-46CF-8F7C-FB15491C3F5B}.Debug|x64.ActiveCfg = Debug|Any CPU
		{AA4B40A2-4EE5-46CF-8F7C-FB15491C3F5B}.Debug|x64.Build.0 = Debug|Any CPU
		{AA4B40A2-4EE5-46CF-8F7C-FB15491C3F5B}.Debug|x86.ActiveCfg = Debug|Any CPU
		{AA4B40A2-4EE5-46CF-8F7C-FB15491C3F5B}.Debug|x86.Build.0 = Debug|Any CPU
		{AA4B40A2-4EE5-46CF-8F7C-FB15491C3F5B}.Release|Any CPU.ActiveCfg = Release|Any CPU
		{AA4B40A2-4EE5-46CF-8F7C-FB15491C3F5B}.Release|Any CPU.Build.0 = Release|Any CPU
		{AA4B40A2-4EE5-46CF-8F7C-FB15491C3F5B}.Release|x64.ActiveCfg = Release|Any CPU
		{AA4B40A2-4EE5-46CF-8F7C-FB15491C3F5B}.Release|x64.Build.0 = Release|Any CPU
		{AA4B40A2-4EE5-46CF-8F7C-FB15491C3F5B}.Release|x86.ActiveCfg = Release|Any CPU
		{AA4B40A2-4EE5-46CF-8F7C-FB15491C3F5B}.Release|x86.Build.0 = Release|Any CPU
		{FE403A69-C813-4B95-91A9-15A685648BC4}.Debug|Any CPU.ActiveCfg = Debug|Any CPU
		{FE403A69-C813-4B95-91A9-15A685648BC4}.Debug|Any CPU.Build.0 = Debug|Any CPU
		{FE403A69-C813-4B95-91A9-15A685648BC4}.Debug|x64.ActiveCfg = Debug|Any CPU
		{FE403A69-C813-4B95-91A9-15A685648BC4}.Debug|x64.Build.0 = Debug|Any CPU
		{FE403A69-C813-4B95-91A9-15A685648BC4}.Debug|x86.ActiveCfg = Debug|Any CPU
		{FE403A69-C813-4B95-91A9-15A685648BC4}.Debug|x86.Build.0 = Debug|Any CPU
		{FE403A69-C813-4B95-91A9-15A685648BC4}.Release|Any CPU.ActiveCfg = Release|Any CPU
		{FE403A69-C813-4B95-91A9-15A685648BC4}.Release|Any CPU.Build.0 = Release|Any CPU
		{FE403A69-C813-4B95-91A9-15A685648BC4}.Release|x64.ActiveCfg = Release|Any CPU
		{FE403A69-C813-4B95-91A9-15A685648BC4}.Release|x64.Build.0 = Release|Any CPU
		{FE403A69-C813-4B95-91A9-15A685648BC4}.Release|x86.ActiveCfg = Release|Any CPU
		{FE403A69-C813-4B95-91A9-15A685648BC4}.Release|x86.Build.0 = Release|Any CPU
		{ED4DF07C-32A0-4C41-B919-63804A18C011}.Debug|Any CPU.ActiveCfg = Debug|Any CPU
		{ED4DF07C-32A0-4C41-B919-63804A18C011}.Debug|Any CPU.Build.0 = Debug|Any CPU
		{ED4DF07C-32A0-4C41-B919-63804A18C011}.Debug|x64.ActiveCfg = Debug|Any CPU
		{ED4DF07C-32A0-4C41-B919-63804A18C011}.Debug|x64.Build.0 = Debug|Any CPU
		{ED4DF07C-32A0-4C41-B919-63804A18C011}.Debug|x86.ActiveCfg = Debug|Any CPU
		{ED4DF07C-32A0-4C41-B919-63804A18C011}.Debug|x86.Build.0 = Debug|Any CPU
		{ED4DF07C-32A0-4C41-B919-63804A18C011}.Release|Any CPU.ActiveCfg = Release|Any CPU
		{ED4DF07C-32A0-4C41-B919-63804A18C011}.Release|Any CPU.Build.0 = Release|Any CPU
		{ED4DF07C-32A0-4C41-B919-63804A18C011}.Release|x64.ActiveCfg = Release|Any CPU
		{ED4DF07C-32A0-4C41-B919-63804A18C011}.Release|x64.Build.0 = Release|Any CPU
		{ED4DF07C-32A0-4C41-B919-63804A18C011}.Release|x86.ActiveCfg = Release|Any CPU
		{ED4DF07C-32A0-4C41-B919-63804A18C011}.Release|x86.Build.0 = Release|Any CPU
	EndGlobalSection
	GlobalSection(SolutionProperties) = preSolution
		HideSolutionNode = FALSE
	EndGlobalSection
	GlobalSection(NestedProjects) = preSolution
		{A3333333-3333-3333-3333-333333333333} = {1AC6A3F5-C75A-4E88-A569-8CDD36083FBC}
		{A3333334-3333-3333-3333-333333333334} = {1AC6A3F5-C75A-4E88-A569-8CDD36083FBC}
		{A4444444-4444-4444-4444-444444444444} = {1AC6A3F5-C75A-4E88-A569-8CDD36083FBC}
		{A5555555-5555-5555-5555-555555555555} = {1AC6A3F5-C75A-4E88-A569-8CDD36083FBC}
		{A7777777-7777-7777-7777-777777777777} = {D32A4CBB-C7D8-474C-BB1B-9B7BE5930F49}
		{747909A0-FD9C-497D-84EB-1540C9A084CA} = {1AC6A3F5-C75A-4E88-A569-8CDD36083FBC}
		{500A65AE-B194-4334-8863-AFDDF88B2294} = {1AC6A3F5-C75A-4E88-A569-8CDD36083FBC}
		{F83C323A-C3C8-42CC-877C-36D873FAD11D} = {1AC6A3F5-C75A-4E88-A569-8CDD36083FBC}
		{DF57DBCA-8362-4533-9AAE-9464AB2F6DE5} = {D32A4CBB-C7D8-474C-BB1B-9B7BE5930F49}
		{1FD3FCD5-E966-49D4-A69B-80DCF39E8762} = {D32A4CBB-C7D8-474C-BB1B-9B7BE5930F49}
		{066F7F3D-BFE5-495D-91DE-F9D37580670C} = {D32A4CBB-C7D8-474C-BB1B-9B7BE5930F49}
		{D3159DBA-AB67-4203-AE3F-F9BC21235D18} = {A91FF899-DFBE-4471-9F6B-C1865EDC4208}
		{1CF56A63-3A5A-4EFC-99B7-76D8BA081953} = {A91FF899-DFBE-4471-9F6B-C1865EDC4208}
		{B29493BA-02DC-4C70-937E-F12B2525D39A} = {D32A4CBB-C7D8-474C-BB1B-9B7BE5930F49}
		{D92B3324-A31C-4CF0-8142-FBE48A556994} = {D32A4CBB-C7D8-474C-BB1B-9B7BE5930F49}
		{BC4798CE-8309-440D-9979-68176BEF185F} = {D32A4CBB-C7D8-474C-BB1B-9B7BE5930F49}
		{AA4B40A2-4EE5-46CF-8F7C-FB15491C3F5B} = {A91FF899-DFBE-4471-9F6B-C1865EDC4208}
		{FE403A69-C813-4B95-91A9-15A685648BC4} = {D32A4CBB-C7D8-474C-BB1B-9B7BE5930F49}
		{ED4DF07C-32A0-4C41-B919-63804A18C011} = {D32A4CBB-C7D8-474C-BB1B-9B7BE5930F49}
	EndGlobalSection
EndGlobal
